[[package]]
category = "main"
description = "Cross-platform colored terminal text."
name = "colorama"
optional = false
python-versions = ">=2.7, !=3.0.*, !=3.1.*, !=3.2.*, !=3.3.*, !=3.4.*"
version = "0.4.4"

[[package]]
category = "main"
description = "Does single char input, like C getch/getche"
name = "getch"
optional = false
python-versions = "*"
version = "1.0"

[metadata]
content-hash = "9481a65885f65f55af6d4c3977cbefbfd14df5c4c4f2a848d494a9cfa7eac582"
python-versions = "^3.8"

[metadata.files]
colorama = [
    {file = "colorama-0.4.4-py2.py3-none-any.whl", hash = "sha256:9f47eda37229f68eee03b24b9748937c7dc3868f906e8ba69fbcbdd3bc5dc3e2"},
    {file = "colorama-0.4.4.tar.gz", hash = "sha256:5941b2b48a20143d2267e95b1c2a7603ce057ee39fd88e7329b0c292aa16869b"},
]
getch = [
    {file = "getch-1.0-python2.tar.gz", hash = "sha256:be451438f7a2b389f96753aea39b6ed2540a390f1b9a12badcbc110cf9a5ce7f"},
    {file = "getch-1.0.tar.gz", hash = "sha256:a6c22717c10051ce65b8fb7bddb171af705b1175e694a73be956990f6089d8b1"},
]
